
Microsoft Visual Studio Solution File, Format Version 12.00
# Visual Studio Version 16
VisualStudioVersion = 16.0.31624.102
MinimumVisualStudioVersion = 10.0.40219.1
Project("{FAE04EC0-301F-11D3-BF4B-00C04F79EFBC}") = "BAI1", "BAI1\BAI1.csproj", "{D44D809A-034F-4FE6-AFCC-997948B3771C}"
EndProject
Global
	GlobalSection(SolutionConfigurationPlatforms) = preSolution
		Debug|Any CPU = Debug|Any CPU
		Release|Any CPU = Release|Any CPU
	EndGlobalSection
	GlobalSection(ProjectConfigurationPlatforms) = postSolution
		{D44D809A-034F-4FE6-AFCC-997948B3771C}.Debug|Any CPU.ActiveCfg = Debug|Any CPU
		{D44D809A-034F-4FE6-AFCC-997948B3771C}.Debug|Any CPU.Build.0 = Debug|Any CPU
		{D44D809A-034F-4FE6-AFCC-997948B3771C}.Release|Any CPU.ActiveCfg = Release|Any CPU
		{D44D809A-034F-4FE6-AFCC-997948B3771C}.Release|Any CPU.Build.0 = Release|Any CPU
	EndGlobalSection
	GlobalSection(SolutionProperties) = preSolution
		HideSolutionNode = FALSE
	EndGlobalSection
	GlobalSection(ExtensibilityGlobals) = postSolution
		SolutionGuid = {05FA94CA-BCC2-4B6E-9222-B98A28B5A179}
	EndGlobalSection
EndGlobal
